{
  "originHash" : "6fba1fc1f3911876cf3cd86296b41b21cef6e49a4102bf90ce488f1ba96e9071",
  "pins" : [
    {
      "identity" : "mlx-swift",
      "kind" : "remoteSourceControl",
      "location" : "https://github.com/PrismML-Eng/mlx-swift.git",
      "state" : {
        "branch" : "prism",
        "revision" : "ed88e939adc61a595e53d02e40aac20761313e5f"
      }
    },
    {
      "identity" : "mlx-swift-lm",
      "kind" : "remoteSourceControl",
      "location" : "https://github.com/ml-explore/mlx-swift-lm.git",
      "state" : {
        "branch" : "main",
        "revision" : "ab04a9c6eaf134f71b2582181e4d7ec10ad093b3"
      }
    },
    {
      "identity" : "swift-numerics",
      "kind" : "remoteSourceControl",
      "location" : "https://github.com/apple/swift-numerics",
      "state" : {
        "revision" : "0c0290ff6b24942dadb83a929ffaaa1481df04a2",
        "version" : "1.1.1"
      }
    },
    {
      "identity" : "swift-syntax",
      "kind" : "remoteSourceControl",
      "location" : "https://github.com/swiftlang/swift-syntax.git",
      "state" : {
        "revision" : "0687f71944021d616d34d922343dcef086855920",
        "version" : "600.0.1"
      }
    }
  ],
  "version" : 3
}
